{
  "name": "flowlauncher-phpdotnet-searcher",
  "version": "1.0.0",
  "lockfileVersion": 3,
  "requires": true,
  "packages": {
    "": {
      "name": "flowlauncher-phpdotnet-searcher",
      "version": "1.0.0",
      "license": "MIT",
      "dependencies": {
        "flow-plugin": "^1.4.0",
        "fuse.js": "^7.1.0",
        "node-fetch": "^3.3.2",
        "node-file-cache": "^1.0.2"
      },
      "devDependencies": {
        "@rslib/core": "^0.13.3",
        "@types/node": "^24.3.1",
        "typescript": "^5.9.2"
      }
    },
    "node_modules/@ast-grep/napi": {
      "version": "0.37.0",
      "resolved": "https://registry.npmjs.org/@ast-grep/napi/-/napi-0.37.0.tgz",
      "integrity": "sha512-Hb4o6h1Pf6yRUAX07DR4JVY7dmQw+RVQMW5/m55GoiAT/VRoKCWBtIUPPOnqDVhbx1Cjfil9b6EDrgJsUAujEQ==",
      "dev": true,
      "engines": {
        "node": ">= 10"
      },
      "optionalDependencies": {
        "@ast-grep/napi-darwin-arm64": "0.37.0",
        "@ast-grep/napi-darwin-x64": "0.37.0",
        "@ast-grep/napi-linux-arm64-gnu": "0.37.0",
        "@ast-grep/napi-linux-arm64-musl": "0.37.0",
        "@ast-grep/napi-linux-x64-gnu": "0.37.0",
        "@ast-grep/napi-linux-x64-musl": "0.37.0",
        "@ast-grep/napi-win32-arm64-msvc": "0.37.0",
        "@ast-grep/napi-win32-ia32-msvc": "0.37.0",
        "@ast-grep/napi-win32-x64-msvc": "0.37.0"
      }
    },
    "node_modules/@ast-grep/napi-darwin-arm64": {
      "version": "0.37.0",
      "resolved": "https://registry.npmjs.org/@ast-grep/napi-darwin-arm64/-/napi-darwin-arm64-0.37.0.tgz",
      "integrity": "sha512-QAiIiaAbLvMEg/yBbyKn+p1gX2/FuaC0SMf7D7capm/oG4xGMzdeaQIcSosF4TCxxV+hIH4Bz9e4/u7w6Bnk3Q==",
      "cpu": [
        "arm64"
      ],
      "dev": true,
      "optional": true,
      "os": [
        "darwin"
      ],
      "engines": {
        "node": ">= 10"
      }
    },
    "node_modules/@ast-grep/napi-darwin-x64": {
      "version": "0.37.0",
      "resolved": "https://registry.npmjs.org/@ast-grep/napi-darwin-x64/-/napi-darwin-x64-0.37.0.tgz",
      "integrity": "sha512-zvcvdgekd4ySV3zUbUp8HF5nk5zqwiMXTuVzTUdl/w08O7JjM6XPOIVT+d2o/MqwM9rsXdzdergY5oY2RdhSPA==",
      "cpu": [
        "x64"
      ],
      "dev": true,
      "optional": true,
      "os": [
        "darwin"
      ],
      "engines": {
        "node": ">= 10"
      }
    },
    "node_modules/@ast-grep/napi-linux-arm64-gnu": {
      "version": "0.37.0",
      "resolved": "https://registry.npmjs.org/@ast-grep/napi-linux-arm64-gnu/-/napi-linux-arm64-gnu-0.37.0.tgz",
      "integrity": "sha512-L7Sj0lXy8X+BqSMgr1LB8cCoWk0rericdeu+dC8/c8zpsav5Oo2IQKY1PmiZ7H8IHoFBbURLf8iklY9wsD+cyA==",
      "cpu": [
        "arm64"
      ],
      "dev": true,
      "optional": true,
      "os": [
        "linux"
      ],
      "engines": {
        "node": ">= 10"
      }
    },
    "node_modules/@ast-grep/napi-linux-arm64-musl": {
      "version": "0.37.0",
      "resolved": "https://registry.npmjs.org/@ast-grep/napi-linux-arm64-musl/-/napi-linux-arm64-musl-0.37.0.tgz",
      "integrity": "sha512-LF9sAvYy6es/OdyJDO3RwkX3I82Vkfsng1sqUBcoWC1jVb1wX5YVzHtpQox9JrEhGl+bNp7FYxB4Qba9OdA5GA==",
      "cpu": [
        "arm64"
      ],
      "dev": true,
      "optional": true,
      "os": [
        "linux"
      ],
      "engines": {
        "node": ">= 10"
      }
    },
    "node_modules/@ast-grep/napi-linux-x64-gnu": {
      "version": "0.37.0",
      "resolved": "https://registry.npmjs.org/@ast-grep/napi-linux-x64-gnu/-/napi-linux-x64-gnu-0.37.0.tgz",
      "integrity": "sha512-TViz5/klqre6aSmJzswEIjApnGjJzstG/SE8VDWsrftMBMYt2PTu3MeluZVwzSqDao8doT/P+6U11dU05UOgxw==",
      "cpu": [
        "x64"
      ],
      "dev": true,
      "optional": true,
      "os": [
        "linux"
      ],
      "engines": {
        "node": ">= 10"
      }
    },
    "node_modules/@ast-grep/napi-linux-x64-musl": {
      "version": "0.37.0",
      "resolved": "https://registry.npmjs.org/@ast-grep/napi-linux-x64-musl/-/napi-linux-x64-musl-0.37.0.tgz",
      "integrity": "sha512-/BcCH33S9E3ovOAEoxYngUNXgb+JLg991sdyiNP2bSoYd30a9RHrG7CYwW6fMgua3ijQ474eV6cq9yZO1bCpXg==",
      "cpu": [
        "x64"
      ],
      "dev": true,
      "optional": true,
      "os": [
        "linux"
      ],
      "engines": {
        "node": ">= 10"
      }
    },
    "node_modules/@ast-grep/napi-win32-arm64-msvc": {
      "version": "0.37.0",
      "resolved": "https://registry.npmjs.org/@ast-grep/napi-win32-arm64-msvc/-/napi-win32-arm64-msvc-0.37.0.tgz",
      "integrity": "sha512-TjQA4cFoIEW2bgjLkaL9yqT4XWuuLa5MCNd0VCDhGRDMNQ9+rhwi9eLOWRaap3xzT7g+nlbcEHL3AkVCD2+b3A==",
      "cpu": [
        "arm64"
      ],
      "dev": true,
      "optional": true,
      "os": [
        "win32"
      ],
      "engines": {
        "node": ">= 10"
      }
    },
    "node_modules/@ast-grep/napi-win32-ia32-msvc": {
      "version": "0.37.0",
      "resolved": "https://registry.npmjs.org/@ast-grep/napi-win32-ia32-msvc/-/napi-win32-ia32-msvc-0.37.0.tgz",
      "integrity": "sha512-uNmVka8fJCdYsyOlF9aZqQMLTatEYBynjChVTzUfFMDfmZ0bihs/YTqJVbkSm8TZM7CUX82apvn50z/dX5iWRA==",
      "cpu": [
        "ia32"
      ],
      "dev": true,
      "optional": true,
      "os": [
        "win32"
      ],
      "engines": {
        "node": ">= 10"
      }
    },
    "node_modules/@ast-grep/napi-win32-x64-msvc": {
      "version": "0.37.0",
      "resolved": "https://registry.npmjs.org/@ast-grep/napi-win32-x64-msvc/-/napi-win32-x64-msvc-0.37.0.tgz",
      "integrity": "sha512-vCiFOT3hSCQuHHfZ933GAwnPzmL0G04JxQEsBRfqONywyT8bSdDc/ECpAfr3S9VcS4JZ9/F6tkePKW/Om2Dq2g==",
      "cpu": [
        "x64"
      ],
      "dev": true,
      "optional": true,
      "os": [
        "win32"
      ],
      "engines": {
        "node": ">= 10"
      }
    },
    "node_modules/@emnapi/core": {
      "version": "1.5.0",
      "resolved": "https://registry.npmjs.org/@emnapi/core/-/core-1.5.0.tgz",
      "integrity": "sha512-sbP8GzB1WDzacS8fgNPpHlp6C9VZe+SJP3F90W9rLemaQj2PzIuTEl1qDOYQf58YIpyjViI24y9aPWCjEzY2cg==",
      "dev": true,
      "optional": true,
      "dependencies": {
        "@emnapi/wasi-threads": "1.1.0",
        "tslib": "^2.4.0"
      }
    },
    "node_modules/@emnapi/runtime": {
      "version": "1.5.0",
      "resolved": "https://registry.npmjs.org/@emnapi/runtime/-/runtime-1.5.0.tgz",
      "integrity": "sha512-97/BJ3iXHww3djw6hYIfErCZFee7qCtrneuLa20UXFCOTCfBM2cvQHjWJ2EG0s0MtdNwInarqCTz35i4wWXHsQ==",
      "dev": true,
      "optional": true,
      "dependencies": {
        "tslib": "^2.4.0"
      }
    },
    "node_modules/@emnapi/wasi-threads": {
      "version": "1.1.0",
      "resolved": "https://registry.npmjs.org/@emnapi/wasi-threads/-/wasi-threads-1.1.0.tgz",
      "integrity": "sha512-WI0DdZ8xFSbgMjR1sFsKABJ/C5OnRrjT06JXbZKexJGrDuPTzZdDYfFlsgcCXCyf+suG5QU2e/y1Wo2V/OapLQ==",
      "dev": true,
      "optional": true,
      "dependencies": {
        "tslib": "^2.4.0"
      }
    },
    "node_modules/@module-federation/error-codes": {
      "version": "0.18.0",
      "resolved": "https://registry.npmjs.org/@module-federation/error-codes/-/error-codes-0.18.0.tgz",
      "integrity": "sha512-Woonm8ehyVIUPXChmbu80Zj6uJkC0dD9SJUZ/wOPtO8iiz/m+dkrOugAuKgoiR6qH4F+yorWila954tBz4uKsQ==",
      "dev": true
    },
    "node_modules/@module-federation/runtime": {
      "version": "0.18.0",
      "resolved": "https://registry.npmjs.org/@module-federation/runtime/-/runtime-0.18.0.tgz",
      "integrity": "sha512-+C4YtoSztM7nHwNyZl6dQKGUVJdsPrUdaf3HIKReg/GQbrt9uvOlUWo2NXMZ8vDAnf/QRrpSYAwXHmWDn9Obaw==",
      "dev": true,
      "dependencies": {
        "@module-federation/error-codes": "0.18.0",
        "@module-federation/runtime-core": "0.18.0",
        "@module-federation/sdk": "0.18.0"
      }
    },
    "node_modules/@module-federation/runtime-core": {
      "version": "0.18.0",
      "resolved": "https://registry.npmjs.org/@module-federation/runtime-core/-/runtime-core-0.18.0.tgz",
      "integrity": "sha512-ZyYhrDyVAhUzriOsVfgL6vwd+5ebYm595Y13KeMf6TKDRoUHBMTLGQ8WM4TDj8JNsy7LigncK8C03fn97of0QQ==",
      "dev": true,
      "dependencies": {
        "@module-federation/error-codes": "0.18.0",
        "@module-federation/sdk": "0.18.0"
      }
    },
    "node_modules/@module-federation/runtime-tools": {
      "version": "0.18.0",
      "resolved": "https://registry.npmjs.org/@module-federation/runtime-tools/-/runtime-tools-0.18.0.tgz",
      "integrity": "sha512-fSga9o4t1UfXNV/Kh6qFvRyZpPp3EHSPRISNeyT8ZoTpzDNiYzhtw0BPUSSD8m6C6XQh2s/11rI4g80UY+d+hA==",
      "dev": true,
      "dependencies": {
        "@module-federation/runtime": "0.18.0",
        "@module-federation/webpack-bundler-runtime": "0.18.0"
      }
    },
    "node_modules/@module-federation/sdk": {
      "version": "0.18.0",
      "resolved": "https://registry.npmjs.org/@module-federation/sdk/-/sdk-0.18.0.tgz",
      "integrity": "sha512-Lo/Feq73tO2unjmpRfyyoUkTVoejhItXOk/h5C+4cistnHbTV8XHrW/13fD5e1Iu60heVdAhhelJd6F898Ve9A==",
      "dev": true
    },
    "node_modules/@module-federation/webpack-bundler-runtime": {
      "version": "0.18.0",
      "resolved": "https://registry.npmjs.org/@module-federation/webpack-bundler-runtime/-/webpack-bundler-runtime-0.18.0.tgz",
      "integrity": "sha512-TEvErbF+YQ+6IFimhUYKK3a5wapD90d90sLsNpcu2kB3QGT7t4nIluE25duXuZDVUKLz86tEPrza/oaaCWTpvQ==",
      "dev": true,
      "dependencies": {
        "@module-federation/runtime": "0.18.0",
        "@module-federation/sdk": "0.18.0"
      }
    },
    "node_modules/@napi-rs/wasm-runtime": {
      "version": "1.0.5",
      "resolved": "https://registry.npmjs.org/@napi-rs/wasm-runtime/-/wasm-runtime-1.0.5.tgz",
      "integrity": "sha512-TBr9Cf9onSAS2LQ2+QHx6XcC6h9+RIzJgbqG3++9TUZSH204AwEy5jg3BTQ0VATsyoGj4ee49tN/y6rvaOOtcg==",
      "dev": true,
      "optional": true,
      "dependencies": {
        "@emnapi/core": "^1.5.0",
        "@emnapi/runtime": "^1.5.0",
        "@tybys/wasm-util": "^0.10.1"
      }
    },
    "node_modules/@rsbuild/core": {
      "version": "1.5.10",
      "resolved": "https://registry.npmjs.org/@rsbuild/core/-/core-1.5.10.tgz",
      "integrity": "sha512-8FDZhtw18XRfCDEZjzt6Xi9ZR+oYpIj7d1AfGX+BVDzLpDCoAHJ/4dWy0ryl8ADssZeezY9JPqKWfTfVJEpc9Q==",
      "dev": true,
      "dependencies": {
        "@rspack/core": "1.5.5",
        "@rspack/lite-tapable": "~1.0.1",
        "@swc/helpers": "^0.5.17",
        "core-js": "~3.45.1",
        "jiti": "^2.5.1"
      },
      "bin": {
        "rsbuild": "bin/rsbuild.js"
      },
      "engines": {
        "node": ">=18.12.0"
      }
    },
    "node_modules/@rslib/core": {
      "version": "0.13.3",
      "resolved": "https://registry.npmjs.org/@rslib/core/-/core-0.13.3.tgz",
      "integrity": "sha512-W9U3KBC3VZbpJSfceRi6UpHFqbwuNGXjrwCuAErxS1YHi1fM0K15xIjQDNMsYoWsAQg0kazFZ5HHAxYUuEkiyA==",
      "dev": true,
      "dependencies": {
        "@rsbuild/core": "~1.5.7",
        "rsbuild-plugin-dts": "0.13.3"
      },
      "bin": {
        "rslib": "bin/rslib.js"
      },
      "engines": {
        "node": ">=18.12.0"
      },
      "peerDependencies": {
        "@microsoft/api-extractor": "^7",
        "typescript": "^5"
      },
      "peerDependenciesMeta": {
        "@microsoft/api-extractor": {
          "optional": true
        },
        "typescript": {
          "optional": true
        }
      }
    },
    "node_modules/@rspack/binding": {
      "version": "1.5.5",
      "resolved": "https://registry.npmjs.org/@rspack/binding/-/binding-1.5.5.tgz",
      "integrity": "sha512-JkB943uBU0lABnKG/jdO+gg3/eeO9CEQMR/1dL6jSU9GTxaNf3XIVc05RhRC7qoVsiXuhSMMFxWyV0hyHxp2bA==",
      "dev": true,
      "optionalDependencies": {
        "@rspack/binding-darwin-arm64": "1.5.5",
        "@rspack/binding-darwin-x64": "1.5.5",
        "@rspack/binding-linux-arm64-gnu": "1.5.5",
        "@rspack/binding-linux-arm64-musl": "1.5.5",
        "@rspack/binding-linux-x64-gnu": "1.5.5",
        "@rspack/binding-linux-x64-musl": "1.5.5",
        "@rspack/binding-wasm32-wasi": "1.5.5",
        "@rspack/binding-win32-arm64-msvc": "1.5.5",
        "@rspack/binding-win32-ia32-msvc": "1.5.5",
        "@rspack/binding-win32-x64-msvc": "1.5.5"
      }
    },
    "node_modules/@rspack/binding-darwin-arm64": {
      "version": "1.5.5",
      "resolved": "https://registry.npmjs.org/@rspack/binding-darwin-arm64/-/binding-darwin-arm64-1.5.5.tgz",
      "integrity": "sha512-Kg3ywEZHLX+aROfTQ5tMOv+Ud+8b4jk8ruUgsi0W8oBkEkR5xBdhFa9vcf6pzy+gfoLCnEI68U9i8ttm+G0csA==",
      "cpu": [
        "arm64"
      ],
      "dev": true,
      "optional": true,
      "os": [
        "darwin"
      ]
    },
    "node_modules/@rspack/binding-darwin-x64": {
      "version": "1.5.5",
      "resolved": "https://registry.npmjs.org/@rspack/binding-darwin-x64/-/binding-darwin-x64-1.5.5.tgz",
      "integrity": "sha512-uoGTYnlYW8m47yiDCKvXOehhAOH12wlePJq4sbUbBoHmG07vbDw7fUqnvy2k8319NTVEpMJWGoKyisgI09/uMQ==",
      "cpu": [
        "x64"
      ],
      "dev": true,
      "optional": true,
      "os": [
        "darwin"
      ]
    },
    "node_modules/@rspack/binding-linux-arm64-gnu": {
      "version": "1.5.5",
      "resolved": "https://registry.npmjs.org/@rspack/binding-linux-arm64-gnu/-/binding-linux-arm64-gnu-1.5.5.tgz",
      "integrity": "sha512-KgVN3TeUJ3iNwwOX3JGY4arvoLHX94eItJ4TeOSyetRiSJUrQI0evP16i5kIh+n+p7mVnXmfUS944Gl+uNsJmg==",
      "cpu": [
        "arm64"
      ],
      "dev": true,
      "optional": true,
      "os": [
        "linux"
      ]
    },
    "node_modules/@rspack/binding-linux-arm64-musl": {
      "version": "1.5.5",
      "resolved": "https://registry.npmjs.org/@rspack/binding-linux-arm64-musl/-/binding-linux-arm64-musl-1.5.5.tgz",
      "integrity": "sha512-1gKthlCQinXtWar6Hl9Il6BQ/NgYBH0NVuUsjjf85ejD/cTPQENKyIpGvVa1rSIHSfnG/XujUbruHAeY9mEHCA==",
      "cpu": [
        "arm64"
      ],
      "dev": true,
      "optional": true,
      "os": [
        "linux"
      ]
    },
    "node_modules/@rspack/binding-linux-x64-gnu": {
      "version": "1.5.5",
      "resolved": "https://registry.npmjs.org/@rspack/binding-linux-x64-gnu/-/binding-linux-x64-gnu-1.5.5.tgz",
      "integrity": "sha512-haPFg4M9GwpSI5g9BQhKUNdzCKDvFexIUkLiAHBjFU9iWQTEcI9VfYPixestOIwzUv7E34rHM+jAsmRGWdgmXw==",
      "cpu": [
        "x64"
      ],
      "dev": true,
      "optional": true,
      "os": [
        "linux"
      ]
    },
    "node_modules/@rspack/binding-linux-x64-musl": {
      "version": "1.5.5",
      "resolved": "https://registry.npmjs.org/@rspack/binding-linux-x64-musl/-/binding-linux-x64-musl-1.5.5.tgz",
      "integrity": "sha512-oUny56JEkCZvIu4n8/P7IPLPNtJnL89EDhxHINH87XLBY3OOgo8JHELR11Zj9SFWiGNsRcLqi+Q78tWa0ligBQ==",
      "cpu": [
        "x64"
      ],
      "dev": true,
      "optional": true,
      "os": [
        "linux"
      ]
    },
    "node_modules/@rspack/binding-wasm32-wasi": {
      "version": "1.5.5",
      "resolved": "https://registry.npmjs.org/@rspack/binding-wasm32-wasi/-/binding-wasm32-wasi-1.5.5.tgz",
      "integrity": "sha512-tRgxBgIXaBKBH/0KlwvyqbIMqQrg8jKOyFOEQseEE7Oqs2M9KkJ7Vp5QN11u3NvZ9nz5GbZxmVGBMkdj9Gth1w==",
      "cpu": [
        "wasm32"
      ],
      "dev": true,
      "optional": true,
      "dependencies": {
        "@napi-rs/wasm-runtime": "^1.0.5"
      }
    },
    "node_modules/@rspack/binding-win32-arm64-msvc": {
      "version": "1.5.5",
      "resolved": "https://registry.npmjs.org/@rspack/binding-win32-arm64-msvc/-/binding-win32-arm64-msvc-1.5.5.tgz",
      "integrity": "sha512-wGWd2yluoFdQgtkIbny6FoHnzahTk+o9RzrptjeS1u/NV1lKrWzmWhwZojMGOUqPiaukZKaziOEo7gpRn2XbEQ==",
      "cpu": [
        "arm64"
      ],
      "dev": true,
      "optional": true,
      "os": [
        "win32"
      ]
    },
    "node_modules/@rspack/binding-win32-ia32-msvc": {
      "version": "1.5.5",
      "resolved": "https://registry.npmjs.org/@rspack/binding-win32-ia32-msvc/-/binding-win32-ia32-msvc-1.5.5.tgz",
      "integrity": "sha512-Ikml8AQkzjPCG24vTO4pG2bpJ8vp93jVEgo9X9uYjO2vQbIp5QSOmeZOTM7tXCf8AfTfHEF/yAdE/pR/+tXXGQ==",
      "cpu": [
        "ia32"
      ],
      "dev": true,
      "optional": true,
      "os": [
        "win32"
      ]
    },
    "node_modules/@rspack/binding-win32-x64-msvc": {
      "version": "1.5.5",
      "resolved": "https://registry.npmjs.org/@rspack/binding-win32-x64-msvc/-/binding-win32-x64-msvc-1.5.5.tgz",
      "integrity": "sha512-m2059ms0i/GIQGWTlZ5GI6SWpuMFAPMsWlhXLk2LZRIydhi+N/YPkmc33lFRTlDA3QpKDCvowvCvIIA7g6WSlg==",
      "cpu": [
        "x64"
      ],
      "dev": true,
      "optional": true,
      "os": [
        "win32"
      ]
    },
    "node_modules/@rspack/core": {
      "version": "1.5.5",
      "resolved": "https://registry.npmjs.org/@rspack/core/-/core-1.5.5.tgz",
      "integrity": "sha512-AOIuMktK6X/xHAjJ/0QJ2kbSkILXj641GCPE+EOfWO27ODA8fHPArKbyz5AVGVePV3aUfEo2VFcsNzP67VBEPA==",
      "dev": true,
      "dependencies": {
        "@module-federation/runtime-tools": "0.18.0",
        "@rspack/binding": "1.5.5",
        "@rspack/lite-tapable": "1.0.1"
      },
      "engines": {
        "node": ">=18.12.0"
      },
      "peerDependencies": {
        "@swc/helpers": ">=0.5.1"
      },
      "peerDependenciesMeta": {
        "@swc/helpers": {
          "optional": true
        }
      }
    },
    "node_modules/@rspack/lite-tapable": {
      "version": "1.0.1",
      "resolved": "https://registry.npmjs.org/@rspack/lite-tapable/-/lite-tapable-1.0.1.tgz",
      "integrity": "sha512-VynGOEsVw2s8TAlLf/uESfrgfrq2+rcXB1muPJYBWbsm1Oa6r5qVQhjA5ggM6z/coYPrsVMgovl3Ff7Q7OCp1w==",
      "dev": true,
      "engines": {
        "node": ">=16.0.0"
      }
    },
    "node_modules/@swc/helpers": {
      "version": "0.5.17",
      "resolved": "https://registry.npmjs.org/@swc/helpers/-/helpers-0.5.17.tgz",
      "integrity": "sha512-5IKx/Y13RsYd+sauPb2x+U/xZikHjolzfuDgTAl/Tdf3Q8rslRvC19NKDLgAJQ6wsqADk10ntlv08nPFw/gO/A==",
      "dev": true,
      "dependencies": {
        "tslib": "^2.8.0"
      }
    },
    "node_modules/@tybys/wasm-util": {
      "version": "0.10.1",
      "resolved": "https://registry.npmjs.org/@tybys/wasm-util/-/wasm-util-0.10.1.tgz",
      "integrity": "sha512-9tTaPJLSiejZKx+Bmog4uSubteqTvFrVrURwkmHixBo0G4seD0zUxp98E1DzUBJxLQ3NPwXrGKDiVjwx/DpPsg==",
      "dev": true,
      "optional": true,
      "dependencies": {
        "tslib": "^2.4.0"
      }
    },
    "node_modules/@types/node": {
      "version": "24.3.1",
      "resolved": "https://registry.npmjs.org/@types/node/-/node-24.3.1.tgz",
      "integrity": "sha512-3vXmQDXy+woz+gnrTvuvNrPzekOi+Ds0ReMxw0LzBiK3a+1k0kQn9f2NWk+lgD4rJehFUmYy2gMhJ2ZI+7YP9g==",
      "dev": true,
      "dependencies": {
        "undici-types": "~7.10.0"
      }
    },
    "node_modules/core-js": {
      "version": "3.45.1",
      "resolved": "https://registry.npmjs.org/core-js/-/core-js-3.45.1.tgz",
      "integrity": "sha512-L4NPsJlCfZsPeXukyzHFlg/i7IIVwHSItR0wg0FLNqYClJ4MQYTYLbC7EkjKYRLZF2iof2MUgN0EGy7MdQFChg==",
      "dev": true,
      "hasInstallScript": true,
      "funding": {
        "type": "opencollective",
        "url": "https://opencollective.com/core-js"
      }
    },
    "node_modules/data-uri-to-buffer": {
      "version": "4.0.1",
      "resolved": "https://registry.npmjs.org/data-uri-to-buffer/-/data-uri-to-buffer-4.0.1.tgz",
      "integrity": "sha512-0R9ikRb668HB7QDxT1vkpuUBtqc53YyAwMwGeUFKRojY/NWKvdZ+9UYtRfGmhqNbRkTSVpMbmyhXipFFv2cb/A==",
      "engines": {
        "node": ">= 12"
      }
    },
    "node_modules/fetch-blob": {
      "version": "3.2.0",
      "resolved": "https://registry.npmjs.org/fetch-blob/-/fetch-blob-3.2.0.tgz",
      "integrity": "sha512-7yAQpD2UMJzLi1Dqv7qFYnPbaPx7ZfFK6PiIxQ4PfkGPyNyl2Ugx+a/umUonmKqjhM4DnfbMvdX6otXq83soQQ==",
      "funding": [
        {
          "type": "github",
          "url": "https://github.com/sponsors/jimmywarting"
        },
        {
          "type": "paypal",
          "url": "https://paypal.me/jimmywarting"
        }
      ],
      "dependencies": {
        "node-domexception": "^1.0.0",
        "web-streams-polyfill": "^3.0.3"
      },
      "engines": {
        "node": "^12.20 || >= 14.13"
      }
    },
    "node_modules/flow-plugin": {
      "version": "1.4.0",
      "resolved": "https://registry.npmjs.org/flow-plugin/-/flow-plugin-1.4.0.tgz",
      "integrity": "sha512-CV0tZgtxbxUkp9VTzXFOKKeF3X9PyLtUTrHyRp25xWOazqCndTootXq3SWpXc6IB2Dudsnl9NpUzTt+1pZowtw=="
    },
    "node_modules/formdata-polyfill": {
      "version": "4.0.10",
      "resolved": "https://registry.npmjs.org/formdata-polyfill/-/formdata-polyfill-4.0.10.tgz",
      "integrity": "sha512-buewHzMvYL29jdeQTVILecSaZKnt/RJWjoZCF5OW60Z67/GmSLBkOFM7qh1PI3zFNtJbaZL5eQu1vLfazOwj4g==",
      "dependencies": {
        "fetch-blob": "^3.1.2"
      },
      "engines": {
        "node": ">=12.20.0"
      }
    },
    "node_modules/fuse.js": {
      "version": "7.1.0",
      "resolved": "https://registry.npmjs.org/fuse.js/-/fuse.js-7.1.0.tgz",
      "integrity": "sha512-trLf4SzuuUxfusZADLINj+dE8clK1frKdmqiJNb1Es75fmI5oY6X2mxLVUciLLjxqw/xr72Dhy+lER6dGd02FQ==",
      "engines": {
        "node": ">=10"
      }
    },
    "node_modules/graceful-fs": {
      "version": "4.2.11",
      "resolved": "https://registry.npmjs.org/graceful-fs/-/graceful-fs-4.2.11.tgz",
      "integrity": "sha512-RbJ5/jmFcNNCcDV5o9eTnBLJ/HszWV0P73bc+Ff4nS/rJj+YaS6IGyiOL0VoBYX+l1Wrl3k63h/KrH+nhJ0XvQ=="
    },
    "node_modules/is-promise": {
      "version": "2.2.2",
      "resolved": "https://registry.npmjs.org/is-promise/-/is-promise-2.2.2.tgz",
      "integrity": "sha512-+lP4/6lKUBfQjZ2pdxThZvLUAafmZb8OAxFb8XXtiQmS35INgr85hdOGoEs124ez1FCnZJt6jau/T+alh58QFQ=="
    },
    "node_modules/jiti": {
      "version": "2.5.1",
      "resolved": "https://registry.npmjs.org/jiti/-/jiti-2.5.1.tgz",
      "integrity": "sha512-twQoecYPiVA5K/h6SxtORw/Bs3ar+mLUtoPSc7iMXzQzK8d7eJ/R09wmTwAjiamETn1cXYPGfNnu7DMoHgu12w==",
      "dev": true,
      "bin": {
        "jiti": "lib/jiti-cli.mjs"
      }
    },
    "node_modules/jju": {
      "version": "1.4.0",
      "resolved": "https://registry.npmjs.org/jju/-/jju-1.4.0.tgz",
      "integrity": "sha512-8wb9Yw966OSxApiCt0K3yNJL8pnNeIv+OEq2YMidz4FKP6nonSRoOXc80iXY4JaN2FC11B9qsNmDsm+ZOfMROA=="
    },
    "node_modules/json-parse-helpfulerror": {
      "version": "1.0.3",
      "resolved": "https://registry.npmjs.org/json-parse-helpfulerror/-/json-parse-helpfulerror-1.0.3.tgz",
      "integrity": "sha512-XgP0FGR77+QhUxjXkwOMkC94k3WtqEBfcnjWqhRd82qTat4SWKRE+9kUnynz/shm3I4ea2+qISvTIeGTNU7kJg==",
      "dependencies": {
        "jju": "^1.1.0"
      }
    },
    "node_modules/lodash": {
      "version": "4.17.21",
      "resolved": "https://registry.npmjs.org/lodash/-/lodash-4.17.21.tgz",
      "integrity": "sha512-v2kDEe57lecTulaDIuNTPy3Ry4gLGJ6Z1O3vE1krgXZNrsQ+LFTGHVxVjcXPs17LhbZVGedAJv8XZ1tvj5FvSg=="
    },
    "node_modules/lowdb": {
      "version": "0.14.0",
      "resolved": "https://registry.npmjs.org/lowdb/-/lowdb-0.14.0.tgz",
      "integrity": "sha512-ilVJrQ+019xOJuKjPzeH10aDNL4s8aTt4qQVAta9psn0W8Mu+LxzQv1S2u6lTOg/cQL+EHkVxD6nAdaacuCL/g==",
      "dependencies": {
        "graceful-fs": "^4.1.3",
        "is-promise": "^2.1.0",
        "json-parse-helpfulerror": "^1.0.3",
        "lodash": "4",
        "steno": "^0.4.1"
      },
      "engines": {
        "node": ">= 0.12"
      }
    },
    "node_modules/node-domexception": {
      "version": "1.0.0",
      "resolved": "https://registry.npmjs.org/node-domexception/-/node-domexception-1.0.0.tgz",
      "integrity": "sha512-/jKZoMpw0F8GRwl4/eLROPA3cfcXtLApP0QzLmUT/HuPCZWyB7IY9ZrMeKw2O/nFIqPQB3PVM9aYm0F312AXDQ==",
      "deprecated": "Use your platform's native DOMException instead",
      "funding": [
        {
          "type": "github",
          "url": "https://github.com/sponsors/jimmywarting"
        },
        {
          "type": "github",
          "url": "https://paypal.me/jimmywarting"
        }
      ],
      "engines": {
        "node": ">=10.5.0"
      }
    },
    "node_modules/node-fetch": {
      "version": "3.3.2",
      "resolved": "https://registry.npmjs.org/node-fetch/-/node-fetch-3.3.2.tgz",
      "integrity": "sha512-dRB78srN/l6gqWulah9SrxeYnxeddIG30+GOqK/9OlLVyLg3HPnr6SqOWTWOXKRwC2eGYCkZ59NNuSgvSrpgOA==",
      "dependencies": {
        "data-uri-to-buffer": "^4.0.0",
        "fetch-blob": "^3.1.4",
        "formdata-polyfill": "^4.0.10"
      },
      "engines": {
        "node": "^12.20.0 || ^14.13.1 || >=16.0.0"
      },
      "funding": {
        "type": "opencollective",
        "url": "https://opencollective.com/node-fetch"
      }
    },
    "node_modules/node-file-cache": {
      "version": "1.0.2",
      "resolved": "https://registry.npmjs.org/node-file-cache/-/node-file-cache-1.0.2.tgz",
      "integrity": "sha512-X+u705v8tTdOnNhTkkSdb36QbuILf1MjSmSb8JlrpzLIzlLFu7qmCF3ezaAFPz9w5vFe0NpZfa7kn2v6eW+SAg==",
      "dependencies": {
        "lowdb": "^0.14.0"
      }
    },
    "node_modules/rsbuild-plugin-dts": {
      "version": "0.13.3",
      "resolved": "https://registry.npmjs.org/rsbuild-plugin-dts/-/rsbuild-plugin-dts-0.13.3.tgz",
      "integrity": "sha512-clPsUpLq4URqntM0xCF6WMBBx+iTxU0z2mkdJNLnWEx7qPjxAEiHOqFYPQsvaHxNkKRan6Yb75I7XhRMjo0Vrg==",
      "dev": true,
      "dependencies": {
        "@ast-grep/napi": "0.37.0"
      },
      "engines": {
        "node": ">=18.12.0"
      },
      "peerDependencies": {
        "@microsoft/api-extractor": "^7",
        "@rsbuild/core": "1.x",
        "@typescript/native-preview": "7.x",
        "typescript": "^5"
      },
      "peerDependenciesMeta": {
        "@microsoft/api-extractor": {
          "optional": true
        },
        "@typescript/native-preview": {
          "optional": true
        },
        "typescript": {
          "optional": true
        }
      }
    },
    "node_modules/steno": {
      "version": "0.4.4",
      "resolved": "https://registry.npmjs.org/steno/-/steno-0.4.4.tgz",
      "integrity": "sha512-EEHMVYHNXFHfGtgjNITnka0aHhiAlo93F7z2/Pwd+g0teG9CnM3JIINM7hVVB5/rhw9voufD7Wukwgtw2uqh6w==",
      "dependencies": {
        "graceful-fs": "^4.1.3"
      }
    },
    "node_modules/tslib": {
      "version": "2.8.1",
      "resolved": "https://registry.npmjs.org/tslib/-/tslib-2.8.1.tgz",
      "integrity": "sha512-oJFu94HQb+KVduSUQL7wnpmqnfmLsOA/nAh6b6EH0wCEoK0/mPeXU6c3wKDV83MkOuHPRHtSXKKU99IBazS/2w==",
      "dev": true
    },
    "node_modules/typescript": {
      "version": "5.9.2",
      "resolved": "https://registry.npmjs.org/typescript/-/typescript-5.9.2.tgz",
      "integrity": "sha512-CWBzXQrc/qOkhidw1OzBTQuYRbfyxDXJMVJ1XNwUHGROVmuaeiEm3OslpZ1RV96d7SKKjZKrSJu3+t/xlw3R9A==",
      "dev": true,
      "bin": {
        "tsc": "bin/tsc",
        "tsserver": "bin/tsserver"
      },
      "engines": {
        "node": ">=14.17"
      }
    },
    "node_modules/undici-types": {
      "version": "7.10.0",
      "resolved": "https://registry.npmjs.org/undici-types/-/undici-types-7.10.0.tgz",
      "integrity": "sha512-t5Fy/nfn+14LuOc2KNYg75vZqClpAiqscVvMygNnlsHBFpSXdJaYtXMcdNLpl/Qvc3P2cB3s6lOV51nqsFq4ag==",
      "dev": true
    },
    "node_modules/web-streams-polyfill": {
      "version": "3.3.3",
      "resolved": "https://registry.npmjs.org/web-streams-polyfill/-/web-streams-polyfill-3.3.3.tgz",
      "integrity": "sha512-d2JWLCivmZYTSIoge9MsgFCZrt571BikcWGYkjC1khllbTeDlGqZ2D8vD8E/lJa8WGWbb7Plm8/XJYV7IJHZZw==",
      "engines": {
        "node": ">= 8"
      }
    }
  }
}
